// !$*UTF8*$!
{
	archiveVersion = 1;
	classes = {
	};
	objectVersion = 56;
	objects = {

/* Begin PBXBuildFile section */
		0B3C2AB82BF6E78000878745 /* CompareInfoView.swift in Sources */ = {isa = PBXBuildFile; fileRef = 0B3C2AB72BF6E78000878745 /* CompareInfoView.swift */; };
		0B3C2ABA2BF6EF7F00878745 /* UILabel+.swift in Sources */ = {isa = PBXBuildFile; fileRef = 0B3C2AB92BF6EF7F00878745 /* UILabel+.swift */; };
		0B3C2AC02BF720A000878745 /* Int+.swift in Sources */ = {isa = PBXBuildFile; fileRef = 0B3C2ABF2BF720A000878745 /* Int+.swift */; };
		0B4AA6D32BEB9E6A00BCEA76 /* AppDelegate.swift in Sources */ = {isa = PBXBuildFile; fileRef = 0B4AA6D22BEB9E6A00BCEA76 /* AppDelegate.swift */; };
		0B4AA6D72BEB9E6A00BCEA76 /* ViewController.swift in Sources */ = {isa = PBXBuildFile; fileRef = 0B4AA6D62BEB9E6A00BCEA76 /* ViewController.swift */; };
		0B4AA6DC2BEB9E6B00BCEA76 /* Assets.xcassets in Resources */ = {isa = PBXBuildFile; fileRef = 0B4AA6DB2BEB9E6B00BCEA76 /* Assets.xcassets */; };
		0B4AA6DF2BEB9E6B00BCEA76 /* Base in Resources */ = {isa = PBXBuildFile; fileRef = 0B4AA6DE2BEB9E6B00BCEA76 /* Base */; };
		0B719C3F2BF20A7F00DF1D92 /* SceneDelegate.swift in Sources */ = {isa = PBXBuildFile; fileRef = 0B719C3E2BF20A7F00DF1D92 /* SceneDelegate.swift */; };
		0B719C482BF20B3500DF1D92 /* Moya in Frameworks */ = {isa = PBXBuildFile; productRef = 0B719C472BF20B3500DF1D92 /* Moya */; };
		0B719C4B2BF20B5400DF1D92 /* Kingfisher in Frameworks */ = {isa = PBXBuildFile; productRef = 0B719C4A2BF20B5400DF1D92 /* Kingfisher */; };
		0B719C4E2BF20BD700DF1D92 /* SnapKit in Frameworks */ = {isa = PBXBuildFile; productRef = 0B719C4D2BF20BD700DF1D92 /* SnapKit */; };
		0B719C502BF21C1E00DF1D92 /* Codable+.swift in Sources */ = {isa = PBXBuildFile; fileRef = 0B719C4F2BF21C1E00DF1D92 /* Codable+.swift */; };
		0B719C522BF21C3E00DF1D92 /* UIImage+.swift in Sources */ = {isa = PBXBuildFile; fileRef = 0B719C512BF21C3E00DF1D92 /* UIImage+.swift */; };
		0B719C542BF21C4F00DF1D92 /* UIStackView+.swift in Sources */ = {isa = PBXBuildFile; fileRef = 0B719C532BF21C4F00DF1D92 /* UIStackView+.swift */; };
		0B719C562BF21C6400DF1D92 /* UITextField+.swift in Sources */ = {isa = PBXBuildFile; fileRef = 0B719C552BF21C6400DF1D92 /* UITextField+.swift */; };
		0B719C582BF21C7600DF1D92 /* UIView+.swift in Sources */ = {isa = PBXBuildFile; fileRef = 0B719C572BF21C7600DF1D92 /* UIView+.swift */; };
		0B719C5A2BF21C8C00DF1D92 /* UIWindow+.swift in Sources */ = {isa = PBXBuildFile; fileRef = 0B719C592BF21C8C00DF1D92 /* UIWindow+.swift */; };
		0B719C5C2BF21D9100DF1D92 /* String.swift in Sources */ = {isa = PBXBuildFile; fileRef = 0B719C5B2BF21D9100DF1D92 /* String.swift */; };
		0B96F2032BF32CAD00A6F840 /* CompareRoomViewController.swift in Sources */ = {isa = PBXBuildFile; fileRef = 0B96F2022BF32CAD00A6F840 /* CompareRoomViewController.swift */; };
		0B96F20B2BF3B26F00A6F840 /* CompareData.swift in Sources */ = {isa = PBXBuildFile; fileRef = 0B96F20A2BF3B26F00A6F840 /* CompareData.swift */; };
		0B96F2182BF618BB00A6F840 /* CompareTableViewCell.swift in Sources */ = {isa = PBXBuildFile; fileRef = 0B96F2172BF618BB00A6F840 /* CompareTableViewCell.swift */; };
		0B96F21A2BF618DC00A6F840 /* CompareNavigationBarView.swift in Sources */ = {isa = PBXBuildFile; fileRef = 0B96F2192BF618DC00A6F840 /* CompareNavigationBarView.swift */; };
		0B96F21C2BF6191B00A6F840 /* CompareCalendarView.swift in Sources */ = {isa = PBXBuildFile; fileRef = 0B96F21B2BF6191B00A6F840 /* CompareCalendarView.swift */; };
		0B96F21E2BF6195100A6F840 /* CompareEditView.swift in Sources */ = {isa = PBXBuildFile; fileRef = 0B96F21D2BF6195100A6F840 /* CompareEditView.swift */; };
		0B96F2202BF619CE00A6F840 /* CompareRoomRootView.swift in Sources */ = {isa = PBXBuildFile; fileRef = 0B96F21F2BF619CE00A6F840 /* CompareRoomRootView.swift */; };
		0B96F2222BF61A2200A6F840 /* CompareFilterView.swift in Sources */ = {isa = PBXBuildFile; fileRef = 0B96F2212BF61A2200A6F840 /* CompareFilterView.swift */; };
		0B96F2242BF61D5D00A6F840 /* NSObject+.swift in Sources */ = {isa = PBXBuildFile; fileRef = 0B96F2232BF61D5D00A6F840 /* NSObject+.swift */; };
		0B96F2262BF61ED800A6F840 /* AddButtonCell.swift in Sources */ = {isa = PBXBuildFile; fileRef = 0B96F2252BF61ED800A6F840 /* AddButtonCell.swift */; };
		4E1FA4F62BF8A8630029ED16 /* FavoritesViewController.swift in Sources */ = {isa = PBXBuildFile; fileRef = 4E1FA4F52BF8A8630029ED16 /* FavoritesViewController.swift */; };
		4E1FA4F82BF8A8760029ED16 /* FavoritesView.swift in Sources */ = {isa = PBXBuildFile; fileRef = 4E1FA4F72BF8A8760029ED16 /* FavoritesView.swift */; };
		4E1FA4FA2BF8A90C0029ED16 /* FavoritesSegmentStackView.swift in Sources */ = {isa = PBXBuildFile; fileRef = 4E1FA4F92BF8A90C0029ED16 /* FavoritesSegmentStackView.swift */; };
		4E278F9C2BEFB5B40034097A /* UIColor+.swift in Sources */ = {isa = PBXBuildFile; fileRef = 4E278F9B2BEFB5B40034097A /* UIColor+.swift */; };
		4E278F9E2BF0B15D0034097A /* String+.swift in Sources */ = {isa = PBXBuildFile; fileRef = 4E278F9D2BF0B15D0034097A /* String+.swift */; };
		4E278FA42BF0CA200034097A /* UIFont+.swift in Sources */ = {isa = PBXBuildFile; fileRef = 4E278FA32BF0CA200034097A /* UIFont+.swift */; };
		4E278FB12BF0EF520034097A /* Pretendard-Bold.otf in Resources */ = {isa = PBXBuildFile; fileRef = 4E278FA52BF0D5F20034097A /* Pretendard-Bold.otf */; };
		4E278FB22BF0EF520034097A /* Pretendard-Light.otf in Resources */ = {isa = PBXBuildFile; fileRef = 4E278FAC2BF0D5F30034097A /* Pretendard-Light.otf */; };
		4E278FB32BF0EF520034097A /* Pretendard-ExtraLight.otf in Resources */ = {isa = PBXBuildFile; fileRef = 4E278FA82BF0D5F30034097A /* Pretendard-ExtraLight.otf */; };
		4E278FB42BF0EF520034097A /* Pretendard-ExtraBold.otf in Resources */ = {isa = PBXBuildFile; fileRef = 4E278FAB2BF0D5F30034097A /* Pretendard-ExtraBold.otf */; };
		4E278FB52BF0EF520034097A /* Pretendard-Medium.otf in Resources */ = {isa = PBXBuildFile; fileRef = 4E278FA62BF0D5F30034097A /* Pretendard-Medium.otf */; };
		4E278FB62BF0EF520034097A /* Pretendard-Regular.otf in Resources */ = {isa = PBXBuildFile; fileRef = 4E278FAA2BF0D5F30034097A /* Pretendard-Regular.otf */; };
		4E278FB72BF0EF520034097A /* Pretendard-Thin.otf in Resources */ = {isa = PBXBuildFile; fileRef = 4E278FA72BF0D5F30034097A /* Pretendard-Thin.otf */; };
		4E278FB82BF0EF520034097A /* Pretendard-SemiBold.otf in Resources */ = {isa = PBXBuildFile; fileRef = 4E278FAD2BF0D5F30034097A /* Pretendard-SemiBold.otf */; };
		4E278FB92BF0EF520034097A /* Pretendard-Black.otf in Resources */ = {isa = PBXBuildFile; fileRef = 4E278FA92BF0D5F30034097A /* Pretendard-Black.otf */; };
		4E4D0AD72BF48AFF00191932 /* GreenViewController.swift in Sources */ = {isa = PBXBuildFile; fileRef = 4E4D0AD62BF48AFF00191932 /* GreenViewController.swift */; };
		4E4D0AD92BF48B1400191932 /* BlueViewController.swift in Sources */ = {isa = PBXBuildFile; fileRef = 4E4D0AD82BF48B1400191932 /* BlueViewController.swift */; };
		4E4D0ADB2BF48B3900191932 /* OrangeViewController.swift in Sources */ = {isa = PBXBuildFile; fileRef = 4E4D0ADA2BF48B3900191932 /* OrangeViewController.swift */; };
		4E7021372BF2286F00D480AE /* SearchListViewController.swift in Sources */ = {isa = PBXBuildFile; fileRef = 4E7021362BF2286F00D480AE /* SearchListViewController.swift */; };
		4E70213D2BF22B0E00D480AE /* SearchListView.swift in Sources */ = {isa = PBXBuildFile; fileRef = 4E70213C2BF22B0E00D480AE /* SearchListView.swift */; };
		4E70213F2BF24ADD00D480AE /* AccomodationKindSegmentController.swift in Sources */ = {isa = PBXBuildFile; fileRef = 4E70213E2BF24ADD00D480AE /* AccomodationKindSegmentController.swift */; };
		4E7021412BF24B5C00D480AE /* SearchFilterModel.swift in Sources */ = {isa = PBXBuildFile; fileRef = 4E7021402BF24B5C00D480AE /* SearchFilterModel.swift */; };
		4E7021432BF24BDB00D480AE /* SearchFilterListCell.swift in Sources */ = {isa = PBXBuildFile; fileRef = 4E7021422BF24BDB00D480AE /* SearchFilterListCell.swift */; };
		4E7021452BF24C1000D480AE /* AddSearchFilterListCell.swift in Sources */ = {isa = PBXBuildFile; fileRef = 4E7021442BF24C1000D480AE /* AddSearchFilterListCell.swift */; };
		4E7021472BF2514B00D480AE /* UITabBarController+.swift in Sources */ = {isa = PBXBuildFile; fileRef = 4E7021462BF2514B00D480AE /* UITabBarController+.swift */; };
		4E7021492BF3A94700D480AE /* SearchSegmentCell.swift in Sources */ = {isa = PBXBuildFile; fileRef = 4E7021482BF3A94700D480AE /* SearchSegmentCell.swift */; };
		4E70214D2BF3B00300D480AE /* SearchSegmentCollectionView.swift in Sources */ = {isa = PBXBuildFile; fileRef = 4E70214C2BF3B00300D480AE /* SearchSegmentCollectionView.swift */; };
		4EE7D0CF2BF48E3C002BDF8E /* SearchResultView.swift in Sources */ = {isa = PBXBuildFile; fileRef = 4EE7D0CE2BF48E3C002BDF8E /* SearchResultView.swift */; };
		4EE7D0D12BF49073002BDF8E /* SearchResultViewController.swift in Sources */ = {isa = PBXBuildFile; fileRef = 4EE7D0D02BF49073002BDF8E /* SearchResultViewController.swift */; };
		4EE7D0D32BF490A5002BDF8E /* SearchResultCell.swift in Sources */ = {isa = PBXBuildFile; fileRef = 4EE7D0D22BF490A5002BDF8E /* SearchResultCell.swift */; };
		4EE7D0D52BF4912B002BDF8E /* SearchResultHeaderView.swift in Sources */ = {isa = PBXBuildFile; fileRef = 4EE7D0D42BF4912B002BDF8E /* SearchResultHeaderView.swift */; };
		4EE7D0D72BF49675002BDF8E /* HotelModel.swift in Sources */ = {isa = PBXBuildFile; fileRef = 4EE7D0D62BF49675002BDF8E /* HotelModel.swift */; };
/* End PBXBuildFile section */

/* Begin PBXFileReference section */
		0B3C2AB72BF6E78000878745 /* CompareInfoView.swift */ = {isa = PBXFileReference; lastKnownFileType = sourcecode.swift; path = CompareInfoView.swift; sourceTree = "<group>"; };
		0B3C2AB92BF6EF7F00878745 /* UILabel+.swift */ = {isa = PBXFileReference; lastKnownFileType = sourcecode.swift; path = "UILabel+.swift"; sourceTree = "<group>"; };
		0B3C2ABF2BF720A000878745 /* Int+.swift */ = {isa = PBXFileReference; lastKnownFileType = sourcecode.swift; path = "Int+.swift"; sourceTree = "<group>"; };
		0B4AA6CF2BEB9E6A00BCEA76 /* YeogiEottae.app */ = {isa = PBXFileReference; explicitFileType = wrapper.application; includeInIndex = 0; path = YeogiEottae.app; sourceTree = BUILT_PRODUCTS_DIR; };
		0B4AA6D22BEB9E6A00BCEA76 /* AppDelegate.swift */ = {isa = PBXFileReference; lastKnownFileType = sourcecode.swift; path = AppDelegate.swift; sourceTree = "<group>"; };
		0B4AA6D62BEB9E6A00BCEA76 /* ViewController.swift */ = {isa = PBXFileReference; lastKnownFileType = sourcecode.swift; path = ViewController.swift; sourceTree = "<group>"; };
		0B4AA6DB2BEB9E6B00BCEA76 /* Assets.xcassets */ = {isa = PBXFileReference; lastKnownFileType = folder.assetcatalog; path = Assets.xcassets; sourceTree = "<group>"; };
		0B4AA6DE2BEB9E6B00BCEA76 /* Base */ = {isa = PBXFileReference; lastKnownFileType = file.storyboard; name = Base; path = Base.lproj/LaunchScreen.storyboard; sourceTree = "<group>"; };
		0B719C3E2BF20A7F00DF1D92 /* SceneDelegate.swift */ = {isa = PBXFileReference; lastKnownFileType = sourcecode.swift; path = SceneDelegate.swift; sourceTree = "<group>"; };
		0B719C4F2BF21C1E00DF1D92 /* Codable+.swift */ = {isa = PBXFileReference; lastKnownFileType = sourcecode.swift; path = "Codable+.swift"; sourceTree = "<group>"; };
		0B719C512BF21C3E00DF1D92 /* UIImage+.swift */ = {isa = PBXFileReference; lastKnownFileType = sourcecode.swift; path = "UIImage+.swift"; sourceTree = "<group>"; };
		0B719C532BF21C4F00DF1D92 /* UIStackView+.swift */ = {isa = PBXFileReference; lastKnownFileType = sourcecode.swift; path = "UIStackView+.swift"; sourceTree = "<group>"; };
		0B719C552BF21C6400DF1D92 /* UITextField+.swift */ = {isa = PBXFileReference; lastKnownFileType = sourcecode.swift; path = "UITextField+.swift"; sourceTree = "<group>"; };
		0B719C572BF21C7600DF1D92 /* UIView+.swift */ = {isa = PBXFileReference; lastKnownFileType = sourcecode.swift; path = "UIView+.swift"; sourceTree = "<group>"; };
		0B719C592BF21C8C00DF1D92 /* UIWindow+.swift */ = {isa = PBXFileReference; lastKnownFileType = sourcecode.swift; path = "UIWindow+.swift"; sourceTree = "<group>"; };
		0B719C5B2BF21D9100DF1D92 /* String.swift */ = {isa = PBXFileReference; lastKnownFileType = sourcecode.swift; path = String.swift; sourceTree = "<group>"; };
		0B96F2022BF32CAD00A6F840 /* CompareRoomViewController.swift */ = {isa = PBXFileReference; lastKnownFileType = sourcecode.swift; path = CompareRoomViewController.swift; sourceTree = "<group>"; };
		0B96F20A2BF3B26F00A6F840 /* CompareData.swift */ = {isa = PBXFileReference; lastKnownFileType = sourcecode.swift; path = CompareData.swift; sourceTree = "<group>"; };
		0B96F2172BF618BB00A6F840 /* CompareTableViewCell.swift */ = {isa = PBXFileReference; lastKnownFileType = sourcecode.swift; path = CompareTableViewCell.swift; sourceTree = "<group>"; };
		0B96F2192BF618DC00A6F840 /* CompareNavigationBarView.swift */ = {isa = PBXFileReference; lastKnownFileType = sourcecode.swift; path = CompareNavigationBarView.swift; sourceTree = "<group>"; };
		0B96F21B2BF6191B00A6F840 /* CompareCalendarView.swift */ = {isa = PBXFileReference; lastKnownFileType = sourcecode.swift; path = CompareCalendarView.swift; sourceTree = "<group>"; };
		0B96F21D2BF6195100A6F840 /* CompareEditView.swift */ = {isa = PBXFileReference; lastKnownFileType = sourcecode.swift; path = CompareEditView.swift; sourceTree = "<group>"; };
		0B96F21F2BF619CE00A6F840 /* CompareRoomRootView.swift */ = {isa = PBXFileReference; lastKnownFileType = sourcecode.swift; path = CompareRoomRootView.swift; sourceTree = "<group>"; };
		0B96F2212BF61A2200A6F840 /* CompareFilterView.swift */ = {isa = PBXFileReference; lastKnownFileType = sourcecode.swift; path = CompareFilterView.swift; sourceTree = "<group>"; };
		0B96F2232BF61D5D00A6F840 /* NSObject+.swift */ = {isa = PBXFileReference; lastKnownFileType = sourcecode.swift; path = "NSObject+.swift"; sourceTree = "<group>"; };
		0B96F2252BF61ED800A6F840 /* AddButtonCell.swift */ = {isa = PBXFileReference; lastKnownFileType = sourcecode.swift; path = AddButtonCell.swift; sourceTree = "<group>"; };
		4E1FA4F52BF8A8630029ED16 /* FavoritesViewController.swift */ = {isa = PBXFileReference; lastKnownFileType = sourcecode.swift; path = FavoritesViewController.swift; sourceTree = "<group>"; };
		4E1FA4F72BF8A8760029ED16 /* FavoritesView.swift */ = {isa = PBXFileReference; lastKnownFileType = sourcecode.swift; path = FavoritesView.swift; sourceTree = "<group>"; };
		4E1FA4F92BF8A90C0029ED16 /* FavoritesSegmentStackView.swift */ = {isa = PBXFileReference; lastKnownFileType = sourcecode.swift; path = FavoritesSegmentStackView.swift; sourceTree = "<group>"; };
		4E278F9B2BEFB5B40034097A /* UIColor+.swift */ = {isa = PBXFileReference; lastKnownFileType = sourcecode.swift; path = "UIColor+.swift"; sourceTree = "<group>"; };
		4E278F9D2BF0B15D0034097A /* String+.swift */ = {isa = PBXFileReference; lastKnownFileType = sourcecode.swift; path = "String+.swift"; sourceTree = "<group>"; };
		4E278FA32BF0CA200034097A /* UIFont+.swift */ = {isa = PBXFileReference; lastKnownFileType = sourcecode.swift; path = "UIFont+.swift"; sourceTree = "<group>"; };
		4E278FA52BF0D5F20034097A /* Pretendard-Bold.otf */ = {isa = PBXFileReference; lastKnownFileType = file; path = "Pretendard-Bold.otf"; sourceTree = "<group>"; };
		4E278FA62BF0D5F30034097A /* Pretendard-Medium.otf */ = {isa = PBXFileReference; lastKnownFileType = file; path = "Pretendard-Medium.otf"; sourceTree = "<group>"; };
		4E278FA72BF0D5F30034097A /* Pretendard-Thin.otf */ = {isa = PBXFileReference; lastKnownFileType = file; path = "Pretendard-Thin.otf"; sourceTree = "<group>"; };
		4E278FA82BF0D5F30034097A /* Pretendard-ExtraLight.otf */ = {isa = PBXFileReference; lastKnownFileType = file; path = "Pretendard-ExtraLight.otf"; sourceTree = "<group>"; };
		4E278FA92BF0D5F30034097A /* Pretendard-Black.otf */ = {isa = PBXFileReference; lastKnownFileType = file; path = "Pretendard-Black.otf"; sourceTree = "<group>"; };
		4E278FAA2BF0D5F30034097A /* Pretendard-Regular.otf */ = {isa = PBXFileReference; lastKnownFileType = file; path = "Pretendard-Regular.otf"; sourceTree = "<group>"; };
		4E278FAB2BF0D5F30034097A /* Pretendard-ExtraBold.otf */ = {isa = PBXFileReference; lastKnownFileType = file; path = "Pretendard-ExtraBold.otf"; sourceTree = "<group>"; };
		4E278FAC2BF0D5F30034097A /* Pretendard-Light.otf */ = {isa = PBXFileReference; lastKnownFileType = file; path = "Pretendard-Light.otf"; sourceTree = "<group>"; };
		4E278FAD2BF0D5F30034097A /* Pretendard-SemiBold.otf */ = {isa = PBXFileReference; lastKnownFileType = file; path = "Pretendard-SemiBold.otf"; sourceTree = "<group>"; };
		4E4D0AD62BF48AFF00191932 /* GreenViewController.swift */ = {isa = PBXFileReference; lastKnownFileType = sourcecode.swift; path = GreenViewController.swift; sourceTree = "<group>"; };
		4E4D0AD82BF48B1400191932 /* BlueViewController.swift */ = {isa = PBXFileReference; lastKnownFileType = sourcecode.swift; path = BlueViewController.swift; sourceTree = "<group>"; };
		4E4D0ADA2BF48B3900191932 /* OrangeViewController.swift */ = {isa = PBXFileReference; lastKnownFileType = sourcecode.swift; path = OrangeViewController.swift; sourceTree = "<group>"; };
		4E7021362BF2286F00D480AE /* SearchListViewController.swift */ = {isa = PBXFileReference; lastKnownFileType = sourcecode.swift; path = SearchListViewController.swift; sourceTree = "<group>"; };
		4E70213C2BF22B0E00D480AE /* SearchListView.swift */ = {isa = PBXFileReference; lastKnownFileType = sourcecode.swift; path = SearchListView.swift; sourceTree = "<group>"; };
		4E70213E2BF24ADD00D480AE /* AccomodationKindSegmentController.swift */ = {isa = PBXFileReference; lastKnownFileType = sourcecode.swift; path = AccomodationKindSegmentController.swift; sourceTree = "<group>"; };
		4E7021402BF24B5C00D480AE /* SearchFilterModel.swift */ = {isa = PBXFileReference; lastKnownFileType = sourcecode.swift; path = SearchFilterModel.swift; sourceTree = "<group>"; };
		4E7021422BF24BDB00D480AE /* SearchFilterListCell.swift */ = {isa = PBXFileReference; lastKnownFileType = sourcecode.swift; path = SearchFilterListCell.swift; sourceTree = "<group>"; };
		4E7021442BF24C1000D480AE /* AddSearchFilterListCell.swift */ = {isa = PBXFileReference; lastKnownFileType = sourcecode.swift; path = AddSearchFilterListCell.swift; sourceTree = "<group>"; };
		4E7021462BF2514B00D480AE /* UITabBarController+.swift */ = {isa = PBXFileReference; lastKnownFileType = sourcecode.swift; path = "UITabBarController+.swift"; sourceTree = "<group>"; };
		4E7021482BF3A94700D480AE /* SearchSegmentCell.swift */ = {isa = PBXFileReference; lastKnownFileType = sourcecode.swift; path = SearchSegmentCell.swift; sourceTree = "<group>"; };
		4E70214C2BF3B00300D480AE /* SearchSegmentCollectionView.swift */ = {isa = PBXFileReference; lastKnownFileType = sourcecode.swift; path = SearchSegmentCollectionView.swift; sourceTree = "<group>"; };
		4EAC0B2D2BF584180069731D /* Info.plist */ = {isa = PBXFileReference; fileEncoding = 4; lastKnownFileType = text.plist.xml; path = Info.plist; sourceTree = "<group>"; };
		4EE7D0CE2BF48E3C002BDF8E /* SearchResultView.swift */ = {isa = PBXFileReference; lastKnownFileType = sourcecode.swift; path = SearchResultView.swift; sourceTree = "<group>"; };
		4EE7D0D02BF49073002BDF8E /* SearchResultViewController.swift */ = {isa = PBXFileReference; lastKnownFileType = sourcecode.swift; path = SearchResultViewController.swift; sourceTree = "<group>"; };
		4EE7D0D22BF490A5002BDF8E /* SearchResultCell.swift */ = {isa = PBXFileReference; lastKnownFileType = sourcecode.swift; path = SearchResultCell.swift; sourceTree = "<group>"; };
		4EE7D0D42BF4912B002BDF8E /* SearchResultHeaderView.swift */ = {isa = PBXFileReference; lastKnownFileType = sourcecode.swift; path = SearchResultHeaderView.swift; sourceTree = "<group>"; };
		4EE7D0D62BF49675002BDF8E /* HotelModel.swift */ = {isa = PBXFileReference; lastKnownFileType = sourcecode.swift; path = HotelModel.swift; sourceTree = "<group>"; };
/* End PBXFileReference section */

/* Begin PBXFrameworksBuildPhase section */
		0B4AA6CC2BEB9E6A00BCEA76 /* Frameworks */ = {
			isa = PBXFrameworksBuildPhase;
			buildActionMask = 2147483647;
			files = (
				0B719C4E2BF20BD700DF1D92 /* SnapKit in Frameworks */,
				0B719C4B2BF20B5400DF1D92 /* Kingfisher in Frameworks */,
				0B719C482BF20B3500DF1D92 /* Moya in Frameworks */,
			);
			runOnlyForDeploymentPostprocessing = 0;
		};
/* End PBXFrameworksBuildPhase section */

/* Begin PBXGroup section */
		0B4AA6C62BEB9E6A00BCEA76 = {
			isa = PBXGroup;
			children = (
				0B4AA6D12BEB9E6A00BCEA76 /* YeogiEottae */,
				0B4AA6D02BEB9E6A00BCEA76 /* Products */,
			);
			sourceTree = "<group>";
		};
		0B4AA6D02BEB9E6A00BCEA76 /* Products */ = {
			isa = PBXGroup;
			children = (
				0B4AA6CF2BEB9E6A00BCEA76 /* YeogiEottae.app */,
			);
			name = Products;
			sourceTree = "<group>";
		};
		0B4AA6D12BEB9E6A00BCEA76 /* YeogiEottae */ = {
			isa = PBXGroup;
			children = (
				4E278F8F2BEFAD830034097A /* Presentation */,
				4E278F8B2BEFAD620034097A /* Network */,
				4E278F802BEFACF90034097A /* Global */,
				4E278F7F2BEFACE60034097A /* Application */,
				0B4AA6D62BEB9E6A00BCEA76 /* ViewController.swift */,
			);
			path = YeogiEottae;
			sourceTree = "<group>";
		};
		0B719C432BF20AA900DF1D92 /* Protocols */ = {
			isa = PBXGroup;
			children = (
			);
			path = Protocols;
			sourceTree = "<group>";
		};
		0B96F2002BF32C6900A6F840 /* CompareRoom */ = {
			isa = PBXGroup;
			children = (
				0B96F20C2BF3B29C00A6F840 /* Views */,
				0B96F2092BF3B26400A6F840 /* Models */,
				0B96F2042BF3B22C00A6F840 /* Cells */,
				0B96F2012BF32C8D00A6F840 /* ViewControllers */,
			);
			path = CompareRoom;
			sourceTree = "<group>";
		};
		0B96F2012BF32C8D00A6F840 /* ViewControllers */ = {
			isa = PBXGroup;
			children = (
				0B96F2022BF32CAD00A6F840 /* CompareRoomViewController.swift */,
			);
			path = ViewControllers;
			sourceTree = "<group>";
		};
		0B96F2042BF3B22C00A6F840 /* Cells */ = {
			isa = PBXGroup;
			children = (
				0B96F2172BF618BB00A6F840 /* CompareTableViewCell.swift */,
				0B96F2252BF61ED800A6F840 /* AddButtonCell.swift */,
			);
			path = Cells;
			sourceTree = "<group>";
		};
		0B96F2092BF3B26400A6F840 /* Models */ = {
			isa = PBXGroup;
			children = (
				0B96F20A2BF3B26F00A6F840 /* CompareData.swift */,
			);
			path = Models;
			sourceTree = "<group>";
		};
		0B96F20C2BF3B29C00A6F840 /* Views */ = {
			isa = PBXGroup;
			children = (
				0B96F2192BF618DC00A6F840 /* CompareNavigationBarView.swift */,
				0B96F21B2BF6191B00A6F840 /* CompareCalendarView.swift */,
				0B96F21D2BF6195100A6F840 /* CompareEditView.swift */,
				0B96F21F2BF619CE00A6F840 /* CompareRoomRootView.swift */,
				0B96F2212BF61A2200A6F840 /* CompareFilterView.swift */,
				0B3C2AB72BF6E78000878745 /* CompareInfoView.swift */,
			);
			path = Views;
			sourceTree = "<group>";
		};
		4E1FA4F02BF8A8240029ED16 /* FavoritesView */ = {
			isa = PBXGroup;
			children = (
				4E1FA4F22BF8A8420029ED16 /* Views */,
				4E1FA4F12BF8A83C0029ED16 /* ViewControllers */,
			);
			path = FavoritesView;
			sourceTree = "<group>";
		};
		4E1FA4F12BF8A83C0029ED16 /* ViewControllers */ = {
			isa = PBXGroup;
			children = (
				4E1FA4F52BF8A8630029ED16 /* FavoritesViewController.swift */,
			);
			path = ViewControllers;
			sourceTree = "<group>";
		};
		4E1FA4F22BF8A8420029ED16 /* Views */ = {
			isa = PBXGroup;
			children = (
				4E1FA4F72BF8A8760029ED16 /* FavoritesView.swift */,
				4E1FA4F92BF8A90C0029ED16 /* FavoritesSegmentStackView.swift */,
			);
			path = Views;
			sourceTree = "<group>";
		};
		4E278F7F2BEFACE60034097A /* Application */ = {
			isa = PBXGroup;
			children = (
				0B4AA6D22BEB9E6A00BCEA76 /* AppDelegate.swift */,
				0B719C3E2BF20A7F00DF1D92 /* SceneDelegate.swift */,
			);
			path = Application;
			sourceTree = "<group>";
		};
		4E278F802BEFACF90034097A /* Global */ = {
			isa = PBXGroup;
			children = (
				0B719C432BF20AA900DF1D92 /* Protocols */,
				4E278F892BEFAD400034097A /* SupportingFiles */,
				4E278F862BEFAD230034097A /* Resources */,
				4E278F822BEFAD060034097A /* Literals */,
				4E278F812BEFAD010034097A /* Extension */,
			);
			path = Global;
			sourceTree = "<group>";
		};
		4E278F812BEFAD010034097A /* Extension */ = {
			isa = PBXGroup;
			children = (
				4E278F9B2BEFB5B40034097A /* UIColor+.swift */,
				4E278F9D2BF0B15D0034097A /* String+.swift */,
				4E278FA32BF0CA200034097A /* UIFont+.swift */,
				0B719C4F2BF21C1E00DF1D92 /* Codable+.swift */,
				0B719C512BF21C3E00DF1D92 /* UIImage+.swift */,
				0B719C532BF21C4F00DF1D92 /* UIStackView+.swift */,
				0B719C552BF21C6400DF1D92 /* UITextField+.swift */,
				0B719C572BF21C7600DF1D92 /* UIView+.swift */,
				0B719C592BF21C8C00DF1D92 /* UIWindow+.swift */,
				4E7021462BF2514B00D480AE /* UITabBarController+.swift */,
				0B96F2232BF61D5D00A6F840 /* NSObject+.swift */,
				0B3C2AB92BF6EF7F00878745 /* UILabel+.swift */,
				0B3C2ABF2BF720A000878745 /* Int+.swift */,
			);
			path = Extension;
			sourceTree = "<group>";
		};
		4E278F822BEFAD060034097A /* Literals */ = {
			isa = PBXGroup;
			children = (
				4E278F842BEFAD110034097A /* String */,
				4E278F832BEFAD0A0034097A /* Literal */,
			);
			path = Literals;
			sourceTree = "<group>";
		};
		4E278F832BEFAD0A0034097A /* Literal */ = {
			isa = PBXGroup;
			children = (
			);
			path = Literal;
			sourceTree = "<group>";
		};
		4E278F842BEFAD110034097A /* String */ = {
			isa = PBXGroup;
			children = (
				0B719C5B2BF21D9100DF1D92 /* String.swift */,
			);
			path = String;
			sourceTree = "<group>";
		};
		4E278F862BEFAD230034097A /* Resources */ = {
			isa = PBXGroup;
			children = (
				4EAC0B2D2BF584180069731D /* Info.plist */,
				4E278F882BEFAD2F0034097A /* Assets */,
				4E278F872BEFAD2C0034097A /* Font */,
			);
			path = Resources;
			sourceTree = "<group>";
		};
		4E278F872BEFAD2C0034097A /* Font */ = {
			isa = PBXGroup;
			children = (
				4E278FA92BF0D5F30034097A /* Pretendard-Black.otf */,
				4E278FA52BF0D5F20034097A /* Pretendard-Bold.otf */,
				4E278FAB2BF0D5F30034097A /* Pretendard-ExtraBold.otf */,
				4E278FA82BF0D5F30034097A /* Pretendard-ExtraLight.otf */,
				4E278FAC2BF0D5F30034097A /* Pretendard-Light.otf */,
				4E278FA62BF0D5F30034097A /* Pretendard-Medium.otf */,
				4E278FAA2BF0D5F30034097A /* Pretendard-Regular.otf */,
				4E278FAD2BF0D5F30034097A /* Pretendard-SemiBold.otf */,
				4E278FA72BF0D5F30034097A /* Pretendard-Thin.otf */,
			);
			path = Font;
			sourceTree = "<group>";
		};
		4E278F882BEFAD2F0034097A /* Assets */ = {
			isa = PBXGroup;
			children = (
				0B4AA6DB2BEB9E6B00BCEA76 /* Assets.xcassets */,
			);
			path = Assets;
			sourceTree = "<group>";
		};
		4E278F892BEFAD400034097A /* SupportingFiles */ = {
			isa = PBXGroup;
			children = (
				0B4AA6DD2BEB9E6B00BCEA76 /* LaunchScreen.storyboard */,
				4E278F8A2BEFAD490034097A /* Base */,
			);
			path = SupportingFiles;
			sourceTree = "<group>";
		};
		4E278F8A2BEFAD490034097A /* Base */ = {
			isa = PBXGroup;
			children = (
			);
			path = Base;
			sourceTree = "<group>";
		};
		4E278F8B2BEFAD620034097A /* Network */ = {
			isa = PBXGroup;
			children = (
				4E278F8E2BEFAD780034097A /* Service */,
				4E278F8D2BEFAD6D0034097A /* DataModel */,
				4E278F8C2BEFAD690034097A /* Base */,
			);
			path = Network;
			sourceTree = "<group>";
		};
		4E278F8C2BEFAD690034097A /* Base */ = {
			isa = PBXGroup;
			children = (
			);
			path = Base;
			sourceTree = "<group>";
		};
		4E278F8D2BEFAD6D0034097A /* DataModel */ = {
			isa = PBXGroup;
			children = (
			);
			path = DataModel;
			sourceTree = "<group>";
		};
		4E278F8E2BEFAD780034097A /* Service */ = {
			isa = PBXGroup;
			children = (
			);
			path = Service;
			sourceTree = "<group>";
		};
		4E278F8F2BEFAD830034097A /* Presentation */ = {
			isa = PBXGroup;
			children = (
				4E1FA4F02BF8A8240029ED16 /* FavoritesView */,
				4E7021352BF2276800D480AE /* SearchList */,
				4E278F902BEFAD870034097A /* Common */,
			);
			path = Presentation;
			sourceTree = "<group>";
		};
		4E278F902BEFAD870034097A /* Common */ = {
			isa = PBXGroup;
			children = (
				0B96F2002BF32C6900A6F840 /* CompareRoom */,
				4E278F912BEFAD8A0034097A /* UIComponents */,
			);
			path = Common;
			sourceTree = "<group>";
		};
		4E278F912BEFAD8A0034097A /* UIComponents */ = {
			isa = PBXGroup;
			children = (
			);
			path = UIComponents;
			sourceTree = "<group>";
		};
		4E4D0AD52BF48AF200191932 /* VCForPageVC */ = {
			isa = PBXGroup;
			children = (
				4E4D0AD62BF48AFF00191932 /* GreenViewController.swift */,
				4E4D0AD82BF48B1400191932 /* BlueViewController.swift */,
				4E4D0ADA2BF48B3900191932 /* OrangeViewController.swift */,
				4EE7D0D02BF49073002BDF8E /* SearchResultViewController.swift */,
				4EE7D0CE2BF48E3C002BDF8E /* SearchResultView.swift */,
			);
			path = VCForPageVC;
			sourceTree = "<group>";
		};
		4E7021352BF2276800D480AE /* SearchList */ = {
			isa = PBXGroup;
			children = (
				4E4D0AD52BF48AF200191932 /* VCForPageVC */,
				4E70213B2BF22ADA00D480AE /* Cells */,
				4E70213A2BF22AD700D480AE /* Models */,
				4E7021392BF22AD100D480AE /* ViewControllers */,
				4E7021382BF22ACC00D480AE /* Views */,
			);
			path = SearchList;
			sourceTree = "<group>";
		};
		4E7021382BF22ACC00D480AE /* Views */ = {
			isa = PBXGroup;
			children = (
				4E70213C2BF22B0E00D480AE /* SearchListView.swift */,
				4E70214C2BF3B00300D480AE /* SearchSegmentCollectionView.swift */,
				4E70213E2BF24ADD00D480AE /* AccomodationKindSegmentController.swift */,
			);
			path = Views;
			sourceTree = "<group>";
		};
		4E7021392BF22AD100D480AE /* ViewControllers */ = {
			isa = PBXGroup;
			children = (
				4E7021362BF2286F00D480AE /* SearchListViewController.swift */,
			);
			path = ViewControllers;
			sourceTree = "<group>";
		};
		4E70213A2BF22AD700D480AE /* Models */ = {
			isa = PBXGroup;
			children = (
				4E7021402BF24B5C00D480AE /* SearchFilterModel.swift */,
				4EE7D0D62BF49675002BDF8E /* HotelModel.swift */,
			);
			path = Models;
			sourceTree = "<group>";
		};
		4E70213B2BF22ADA00D480AE /* Cells */ = {
			isa = PBXGroup;
			children = (
				4E7021422BF24BDB00D480AE /* SearchFilterListCell.swift */,
				4E7021442BF24C1000D480AE /* AddSearchFilterListCell.swift */,
				4E7021482BF3A94700D480AE /* SearchSegmentCell.swift */,
				4EE7D0D22BF490A5002BDF8E /* SearchResultCell.swift */,
				4EE7D0D42BF4912B002BDF8E /* SearchResultHeaderView.swift */,
			);
			path = Cells;
			sourceTree = "<group>";
		};
/* End PBXGroup section */

/* Begin PBXNativeTarget section */
		0B4AA6CE2BEB9E6A00BCEA76 /* YeogiEottae */ = {
			isa = PBXNativeTarget;
			buildConfigurationList = 0B4AA6E32BEB9E6B00BCEA76 /* Build configuration list for PBXNativeTarget "YeogiEottae" */;
			buildPhases = (
				0B4AA6CB2BEB9E6A00BCEA76 /* Sources */,
				0B4AA6CC2BEB9E6A00BCEA76 /* Frameworks */,
				0B4AA6CD2BEB9E6A00BCEA76 /* Resources */,
			);
			buildRules = (
			);
			dependencies = (
			);
			name = YeogiEottae;
			packageProductDependencies = (
				0B719C472BF20B3500DF1D92 /* Moya */,
				0B719C4A2BF20B5400DF1D92 /* Kingfisher */,
				0B719C4D2BF20BD700DF1D92 /* SnapKit */,
			);
			productName = YeogiEottae;
			productReference = 0B4AA6CF2BEB9E6A00BCEA76 /* YeogiEottae.app */;
			productType = "com.apple.product-type.application";
		};
/* End PBXNativeTarget section */

/* Begin PBXProject section */
		0B4AA6C72BEB9E6A00BCEA76 /* Project object */ = {
			isa = PBXProject;
			attributes = {
				BuildIndependentTargetsInParallel = 1;
				LastSwiftUpdateCheck = 1530;
				LastUpgradeCheck = 1530;
				TargetAttributes = {
					0B4AA6CE2BEB9E6A00BCEA76 = {
						CreatedOnToolsVersion = 15.3;
					};
				};
			};
			buildConfigurationList = 0B4AA6CA2BEB9E6A00BCEA76 /* Build configuration list for PBXProject "YeogiEottae" */;
			compatibilityVersion = "Xcode 14.0";
			developmentRegion = en;
			hasScannedForEncodings = 0;
			knownRegions = (
				en,
				Base,
			);
			mainGroup = 0B4AA6C62BEB9E6A00BCEA76;
			packageReferences = (
				0B719C462BF20B3500DF1D92 /* XCRemoteSwiftPackageReference "Moya" */,
				0B719C492BF20B5400DF1D92 /* XCRemoteSwiftPackageReference "Kingfisher" */,
				0B719C4C2BF20BD700DF1D92 /* XCRemoteSwiftPackageReference "SnapKit" */,
			);
			productRefGroup = 0B4AA6D02BEB9E6A00BCEA76 /* Products */;
			projectDirPath = "";
			projectRoot = "";
			targets = (
				0B4AA6CE2BEB9E6A00BCEA76 /* YeogiEottae */,
			);
		};
/* End PBXProject section */

/* Begin PBXResourcesBuildPhase section */
		0B4AA6CD2BEB9E6A00BCEA76 /* Resources */ = {
			isa = PBXResourcesBuildPhase;
			buildActionMask = 2147483647;
			files = (
				4E278FB52BF0EF520034097A /* Pretendard-Medium.otf in Resources */,
				0B4AA6DC2BEB9E6B00BCEA76 /* Assets.xcassets in Resources */,
				4E278FB22BF0EF520034097A /* Pretendard-Light.otf in Resources */,
				4E278FB72BF0EF520034097A /* Pretendard-Thin.otf in Resources */,
				4E278FB42BF0EF520034097A /* Pretendard-ExtraBold.otf in Resources */,
				4E278FB32BF0EF520034097A /* Pretendard-ExtraLight.otf in Resources */,
				4E278FB92BF0EF520034097A /* Pretendard-Black.otf in Resources */,
				4E278FB62BF0EF520034097A /* Pretendard-Regular.otf in Resources */,
				4E278FB82BF0EF520034097A /* Pretendard-SemiBold.otf in Resources */,
				4E278FB12BF0EF520034097A /* Pretendard-Bold.otf in Resources */,
				0B4AA6DF2BEB9E6B00BCEA76 /* Base in Resources */,
			);
			runOnlyForDeploymentPostprocessing = 0;
		};
/* End PBXResourcesBuildPhase section */

/* Begin PBXSourcesBuildPhase section */
		0B4AA6CB2BEB9E6A00BCEA76 /* Sources */ = {
			isa = PBXSourcesBuildPhase;
			buildActionMask = 2147483647;
			files = (
				4E70213F2BF24ADD00D480AE /* AccomodationKindSegmentController.swift in Sources */,
				4E7021412BF24B5C00D480AE /* SearchFilterModel.swift in Sources */,
				0B96F2182BF618BB00A6F840 /* CompareTableViewCell.swift in Sources */,
				0B4AA6D72BEB9E6A00BCEA76 /* ViewController.swift in Sources */,
				4E4D0AD72BF48AFF00191932 /* GreenViewController.swift in Sources */,
				0B719C5C2BF21D9100DF1D92 /* String.swift in Sources */,
				4EE7D0D72BF49675002BDF8E /* HotelModel.swift in Sources */,
				4E70214D2BF3B00300D480AE /* SearchSegmentCollectionView.swift in Sources */,
				0B96F2032BF32CAD00A6F840 /* CompareRoomViewController.swift in Sources */,
				0B719C5C2BF21D9100DF1D92 /* String.swift in Sources */,
				0B96F2222BF61A2200A6F840 /* CompareFilterView.swift in Sources */,
				0B96F20B2BF3B26F00A6F840 /* CompareData.swift in Sources */,
				0B719C562BF21C6400DF1D92 /* UITextField+.swift in Sources */,
				0B96F21E2BF6195100A6F840 /* CompareEditView.swift in Sources */,
				0B96F21A2BF618DC00A6F840 /* CompareNavigationBarView.swift in Sources */,
				0B4AA6D32BEB9E6A00BCEA76 /* AppDelegate.swift in Sources */,
				4EE7D0D32BF490A5002BDF8E /* SearchResultCell.swift in Sources */,
				0B719C502BF21C1E00DF1D92 /* Codable+.swift in Sources */,
				4E4D0ADB2BF48B3900191932 /* OrangeViewController.swift in Sources */,
				0B3C2AB82BF6E78000878745 /* CompareInfoView.swift in Sources */,
				4E278FA42BF0CA200034097A /* UIFont+.swift in Sources */,
				4E7021372BF2286F00D480AE /* SearchListViewController.swift in Sources */,
				0B96F2262BF61ED800A6F840 /* AddButtonCell.swift in Sources */,
				0B3C2AC02BF720A000878745 /* Int+.swift in Sources */,
				4E278F9E2BF0B15D0034097A /* String+.swift in Sources */,
				0B3C2ABA2BF6EF7F00878745 /* UILabel+.swift in Sources */,
				0B719C522BF21C3E00DF1D92 /* UIImage+.swift in Sources */,
				4E7021452BF24C1000D480AE /* AddSearchFilterListCell.swift in Sources */,
				4E1FA4F62BF8A8630029ED16 /* FavoritesViewController.swift in Sources */,
				0B96F21C2BF6191B00A6F840 /* CompareCalendarView.swift in Sources */,
				4E70213D2BF22B0E00D480AE /* SearchListView.swift in Sources */,
				0B719C3F2BF20A7F00DF1D92 /* SceneDelegate.swift in Sources */,
				4E1FA4FA2BF8A90C0029ED16 /* FavoritesSegmentStackView.swift in Sources */,
				0B96F2202BF619CE00A6F840 /* CompareRoomRootView.swift in Sources */,
				0B96F2242BF61D5D00A6F840 /* NSObject+.swift in Sources */,
				4E1FA4F82BF8A8760029ED16 /* FavoritesView.swift in Sources */,
				4E7021432BF24BDB00D480AE /* SearchFilterListCell.swift in Sources */,
				4E4D0AD92BF48B1400191932 /* BlueViewController.swift in Sources */,
				0B719C582BF21C7600DF1D92 /* UIView+.swift in Sources */,
				4E7021492BF3A94700D480AE /* SearchSegmentCell.swift in Sources */,
				4EE7D0CF2BF48E3C002BDF8E /* SearchResultView.swift in Sources */,
				0B719C542BF21C4F00DF1D92 /* UIStackView+.swift in Sources */,
				4E7021472BF2514B00D480AE /* UITabBarController+.swift in Sources */,
				4EE7D0D52BF4912B002BDF8E /* SearchResultHeaderView.swift in Sources */,
				4E278F9C2BEFB5B40034097A /* UIColor+.swift in Sources */,
				4EE7D0D12BF49073002BDF8E /* SearchResultViewController.swift in Sources */,
				0B719C5A2BF21C8C00DF1D92 /* UIWindow+.swift in Sources */,
			);
			runOnlyForDeploymentPostprocessing = 0;
		};
/* End PBXSourcesBuildPhase section */

/* Begin PBXVariantGroup section */
		0B4AA6DD2BEB9E6B00BCEA76 /* LaunchScreen.storyboard */ = {
			isa = PBXVariantGroup;
			children = (
				0B4AA6DE2BEB9E6B00BCEA76 /* Base */,
			);
			name = LaunchScreen.storyboard;
			sourceTree = "<group>";
		};
/* End PBXVariantGroup section */

/* Begin XCBuildConfiguration section */
		0B4AA6E12BEB9E6B00BCEA76 /* Debug */ = {
			isa = XCBuildConfiguration;
			buildSettings = {
				ALWAYS_SEARCH_USER_PATHS = NO;
				ASSETCATALOG_COMPILER_GENERATE_SWIFT_ASSET_SYMBOL_EXTENSIONS = YES;
				CLANG_ANALYZER_NONNULL = YES;
				CLANG_ANALYZER_NUMBER_OBJECT_CONVERSION = YES_AGGRESSIVE;
				CLANG_CXX_LANGUAGE_STANDARD = "gnu++20";
				CLANG_ENABLE_MODULES = YES;
				CLANG_ENABLE_OBJC_ARC = YES;
				CLANG_ENABLE_OBJC_WEAK = YES;
				CLANG_WARN_BLOCK_CAPTURE_AUTORELEASING = YES;
				CLANG_WARN_BOOL_CONVERSION = YES;
				CLANG_WARN_COMMA = YES;
				CLANG_WARN_CONSTANT_CONVERSION = YES;
				CLANG_WARN_DEPRECATED_OBJC_IMPLEMENTATIONS = YES;
				CLANG_WARN_DIRECT_OBJC_ISA_USAGE = YES_ERROR;
				CLANG_WARN_DOCUMENTATION_COMMENTS = YES;
				CLANG_WARN_EMPTY_BODY = YES;
				CLANG_WARN_ENUM_CONVERSION = YES;
				CLANG_WARN_INFINITE_RECURSION = YES;
				CLANG_WARN_INT_CONVERSION = YES;
				CLANG_WARN_NON_LITERAL_NULL_CONVERSION = YES;
				CLANG_WARN_OBJC_IMPLICIT_RETAIN_SELF = YES;
				CLANG_WARN_OBJC_LITERAL_CONVERSION = YES;
				CLANG_WARN_OBJC_ROOT_CLASS = YES_ERROR;
				CLANG_WARN_QUOTED_INCLUDE_IN_FRAMEWORK_HEADER = YES;
				CLANG_WARN_RANGE_LOOP_ANALYSIS = YES;
				CLANG_WARN_STRICT_PROTOTYPES = YES;
				CLANG_WARN_SUSPICIOUS_MOVE = YES;
				CLANG_WARN_UNGUARDED_AVAILABILITY = YES_AGGRESSIVE;
				CLANG_WARN_UNREACHABLE_CODE = YES;
				CLANG_WARN__DUPLICATE_METHOD_MATCH = YES;
				COPY_PHASE_STRIP = NO;
				DEBUG_INFORMATION_FORMAT = dwarf;
				ENABLE_STRICT_OBJC_MSGSEND = YES;
				ENABLE_TESTABILITY = YES;
				ENABLE_USER_SCRIPT_SANDBOXING = YES;
				GCC_C_LANGUAGE_STANDARD = gnu17;
				GCC_DYNAMIC_NO_PIC = NO;
				GCC_NO_COMMON_BLOCKS = YES;
				GCC_OPTIMIZATION_LEVEL = 0;
				GCC_PREPROCESSOR_DEFINITIONS = (
					"DEBUG=1",
					"$(inherited)",
				);
				GCC_WARN_64_TO_32_BIT_CONVERSION = YES;
				GCC_WARN_ABOUT_RETURN_TYPE = YES_ERROR;
				GCC_WARN_UNDECLARED_SELECTOR = YES;
				GCC_WARN_UNINITIALIZED_AUTOS = YES_AGGRESSIVE;
				GCC_WARN_UNUSED_FUNCTION = YES;
				GCC_WARN_UNUSED_VARIABLE = YES;
				IPHONEOS_DEPLOYMENT_TARGET = 17.4;
				LOCALIZATION_PREFERS_STRING_CATALOGS = YES;
				MTL_ENABLE_DEBUG_INFO = INCLUDE_SOURCE;
				MTL_FAST_MATH = YES;
				ONLY_ACTIVE_ARCH = YES;
				SDKROOT = iphoneos;
				SWIFT_ACTIVE_COMPILATION_CONDITIONS = "DEBUG $(inherited)";
				SWIFT_OPTIMIZATION_LEVEL = "-Onone";
			};
			name = Debug;
		};
		0B4AA6E22BEB9E6B00BCEA76 /* Release */ = {
			isa = XCBuildConfiguration;
			buildSettings = {
				ALWAYS_SEARCH_USER_PATHS = NO;
				ASSETCATALOG_COMPILER_GENERATE_SWIFT_ASSET_SYMBOL_EXTENSIONS = YES;
				CLANG_ANALYZER_NONNULL = YES;
				CLANG_ANALYZER_NUMBER_OBJECT_CONVERSION = YES_AGGRESSIVE;
				CLANG_CXX_LANGUAGE_STANDARD = "gnu++20";
				CLANG_ENABLE_MODULES = YES;
				CLANG_ENABLE_OBJC_ARC = YES;
				CLANG_ENABLE_OBJC_WEAK = YES;
				CLANG_WARN_BLOCK_CAPTURE_AUTORELEASING = YES;
				CLANG_WARN_BOOL_CONVERSION = YES;
				CLANG_WARN_COMMA = YES;
				CLANG_WARN_CONSTANT_CONVERSION = YES;
				CLANG_WARN_DEPRECATED_OBJC_IMPLEMENTATIONS = YES;
				CLANG_WARN_DIRECT_OBJC_ISA_USAGE = YES_ERROR;
				CLANG_WARN_DOCUMENTATION_COMMENTS = YES;
				CLANG_WARN_EMPTY_BODY = YES;
				CLANG_WARN_ENUM_CONVERSION = YES;
				CLANG_WARN_INFINITE_RECURSION = YES;
				CLANG_WARN_INT_CONVERSION = YES;
				CLANG_WARN_NON_LITERAL_NULL_CONVERSION = YES;
				CLANG_WARN_OBJC_IMPLICIT_RETAIN_SELF = YES;
				CLANG_WARN_OBJC_LITERAL_CONVERSION = YES;
				CLANG_WARN_OBJC_ROOT_CLASS = YES_ERROR;
				CLANG_WARN_QUOTED_INCLUDE_IN_FRAMEWORK_HEADER = YES;
				CLANG_WARN_RANGE_LOOP_ANALYSIS = YES;
				CLANG_WARN_STRICT_PROTOTYPES = YES;
				CLANG_WARN_SUSPICIOUS_MOVE = YES;
				CLANG_WARN_UNGUARDED_AVAILABILITY = YES_AGGRESSIVE;
				CLANG_WARN_UNREACHABLE_CODE = YES;
				CLANG_WARN__DUPLICATE_METHOD_MATCH = YES;
				COPY_PHASE_STRIP = NO;
				DEBUG_INFORMATION_FORMAT = "dwarf-with-dsym";
				ENABLE_NS_ASSERTIONS = NO;
				ENABLE_STRICT_OBJC_MSGSEND = YES;
				ENABLE_USER_SCRIPT_SANDBOXING = YES;
				GCC_C_LANGUAGE_STANDARD = gnu17;
				GCC_NO_COMMON_BLOCKS = YES;
				GCC_WARN_64_TO_32_BIT_CONVERSION = YES;
				GCC_WARN_ABOUT_RETURN_TYPE = YES_ERROR;
				GCC_WARN_UNDECLARED_SELECTOR = YES;
				GCC_WARN_UNINITIALIZED_AUTOS = YES_AGGRESSIVE;
				GCC_WARN_UNUSED_FUNCTION = YES;
				GCC_WARN_UNUSED_VARIABLE = YES;
				IPHONEOS_DEPLOYMENT_TARGET = 17.4;
				LOCALIZATION_PREFERS_STRING_CATALOGS = YES;
				MTL_ENABLE_DEBUG_INFO = NO;
				MTL_FAST_MATH = YES;
				SDKROOT = iphoneos;
				SWIFT_COMPILATION_MODE = wholemodule;
				VALIDATE_PRODUCT = YES;
			};
			name = Release;
		};
		0B4AA6E42BEB9E6B00BCEA76 /* Debug */ = {
			isa = XCBuildConfiguration;
			buildSettings = {
				ASSETCATALOG_COMPILER_APPICON_NAME = AppIcon;
				ASSETCATALOG_COMPILER_GLOBAL_ACCENT_COLOR_NAME = AccentColor;
				CODE_SIGN_STYLE = Automatic;
				CURRENT_PROJECT_VERSION = 1;
				DEVELOPMENT_TEAM = 548W892M42;
				GENERATE_INFOPLIST_FILE = YES;
				INFOPLIST_FILE = YeogiEottae/Global/Resources/Info.plist;
				INFOPLIST_KEY_UIApplicationSupportsIndirectInputEvents = YES;
				INFOPLIST_KEY_UILaunchStoryboardName = LaunchScreen;
				INFOPLIST_KEY_UISupportedInterfaceOrientations_iPad = "UIInterfaceOrientationPortrait UIInterfaceOrientationPortraitUpsideDown UIInterfaceOrientationLandscapeLeft UIInterfaceOrientationLandscapeRight";
				INFOPLIST_KEY_UISupportedInterfaceOrientations_iPhone = "UIInterfaceOrientationPortrait UIInterfaceOrientationLandscapeLeft UIInterfaceOrientationLandscapeRight";
				IPHONEOS_DEPLOYMENT_TARGET = 15.0;
				LD_RUNPATH_SEARCH_PATHS = (
					"$(inherited)",
					"@executable_path/Frameworks",
				);
				MARKETING_VERSION = 1.0;
				PRODUCT_BUNDLE_IDENTIFIER = com.SOPT.YeogiEottae;
				PRODUCT_NAME = "$(TARGET_NAME)";
				SWIFT_EMIT_LOC_STRINGS = YES;
				SWIFT_VERSION = 5.0;
				TARGETED_DEVICE_FAMILY = "1,2";
			};
			name = Debug;
		};
		0B4AA6E52BEB9E6B00BCEA76 /* Release */ = {
			isa = XCBuildConfiguration;
			buildSettings = {
				ASSETCATALOG_COMPILER_APPICON_NAME = AppIcon;
				ASSETCATALOG_COMPILER_GLOBAL_ACCENT_COLOR_NAME = AccentColor;
				CODE_SIGN_STYLE = Automatic;
				CURRENT_PROJECT_VERSION = 1;
				DEVELOPMENT_TEAM = 548W892M42;
				GENERATE_INFOPLIST_FILE = YES;
				INFOPLIST_FILE = YeogiEottae/Global/Resources/Info.plist;
				INFOPLIST_KEY_UIApplicationSupportsIndirectInputEvents = YES;
				INFOPLIST_KEY_UILaunchStoryboardName = LaunchScreen;
				INFOPLIST_KEY_UISupportedInterfaceOrientations_iPad = "UIInterfaceOrientationPortrait UIInterfaceOrientationPortraitUpsideDown UIInterfaceOrientationLandscapeLeft UIInterfaceOrientationLandscapeRight";
				INFOPLIST_KEY_UISupportedInterfaceOrientations_iPhone = "UIInterfaceOrientationPortrait UIInterfaceOrientationLandscapeLeft UIInterfaceOrientationLandscapeRight";
				IPHONEOS_DEPLOYMENT_TARGET = 15.0;
				LD_RUNPATH_SEARCH_PATHS = (
					"$(inherited)",
					"@executable_path/Frameworks",
				);
				MARKETING_VERSION = 1.0;
				PRODUCT_BUNDLE_IDENTIFIER = com.SOPT.YeogiEottae;
				PRODUCT_NAME = "$(TARGET_NAME)";
				SWIFT_EMIT_LOC_STRINGS = YES;
				SWIFT_VERSION = 5.0;
				TARGETED_DEVICE_FAMILY = "1,2";
			};
			name = Release;
		};
/* End XCBuildConfiguration section */

/* Begin XCConfigurationList section */
		0B4AA6CA2BEB9E6A00BCEA76 /* Build configuration list for PBXProject "YeogiEottae" */ = {
			isa = XCConfigurationList;
			buildConfigurations = (
				0B4AA6E12BEB9E6B00BCEA76 /* Debug */,
				0B4AA6E22BEB9E6B00BCEA76 /* Release */,
			);
			defaultConfigurationIsVisible = 0;
			defaultConfigurationName = Release;
		};
		0B4AA6E32BEB9E6B00BCEA76 /* Build configuration list for PBXNativeTarget "YeogiEottae" */ = {
			isa = XCConfigurationList;
			buildConfigurations = (
				0B4AA6E42BEB9E6B00BCEA76 /* Debug */,
				0B4AA6E52BEB9E6B00BCEA76 /* Release */,
			);
			defaultConfigurationIsVisible = 0;
			defaultConfigurationName = Release;
		};
/* End XCConfigurationList section */

/* Begin XCRemoteSwiftPackageReference section */
		0B719C462BF20B3500DF1D92 /* XCRemoteSwiftPackageReference "Moya" */ = {
			isa = XCRemoteSwiftPackageReference;
			repositoryURL = "https://github.com/Moya/Moya.git";
			requirement = {
				kind = upToNextMajorVersion;
				minimumVersion = 15.0.3;
			};
		};
		0B719C492BF20B5400DF1D92 /* XCRemoteSwiftPackageReference "Kingfisher" */ = {
			isa = XCRemoteSwiftPackageReference;
			repositoryURL = "https://github.com/onevcat/Kingfisher";
			requirement = {
				kind = upToNextMajorVersion;
				minimumVersion = 7.11.0;
			};
		};
		0B719C4C2BF20BD700DF1D92 /* XCRemoteSwiftPackageReference "SnapKit" */ = {
			isa = XCRemoteSwiftPackageReference;
			repositoryURL = "https://github.com/SnapKit/SnapKit.git";
			requirement = {
				kind = upToNextMajorVersion;
				minimumVersion = 5.7.1;
			};
		};
/* End XCRemoteSwiftPackageReference section */

/* Begin XCSwiftPackageProductDependency section */
		0B719C472BF20B3500DF1D92 /* Moya */ = {
			isa = XCSwiftPackageProductDependency;
			package = 0B719C462BF20B3500DF1D92 /* XCRemoteSwiftPackageReference "Moya" */;
			productName = Moya;
		};
		0B719C4A2BF20B5400DF1D92 /* Kingfisher */ = {
			isa = XCSwiftPackageProductDependency;
			package = 0B719C492BF20B5400DF1D92 /* XCRemoteSwiftPackageReference "Kingfisher" */;
			productName = Kingfisher;
		};
		0B719C4D2BF20BD700DF1D92 /* SnapKit */ = {
			isa = XCSwiftPackageProductDependency;
			package = 0B719C4C2BF20BD700DF1D92 /* XCRemoteSwiftPackageReference "SnapKit" */;
			productName = SnapKit;
		};
/* End XCSwiftPackageProductDependency section */
	};
	rootObject = 0B4AA6C72BEB9E6A00BCEA76 /* Project object */;
}
